
Microsoft Visual Studio Solution File, Format Version 12.00
# Visual Studio Version 17
VisualStudioVersion = 17.14.36203.30
MinimumVisualStudioVersion = 10.0.40219.1
Project("{FAE04EC0-301F-11D3-BF4B-00C04F79EFBC}") = "MatrixClient", "MatrixClient\MatrixClient.csproj", "{7CD9A09D-F943-A717-D8B4-1EE3617D2F41}"
EndProject
Project("{FAE04EC0-301F-11D3-BF4B-00C04F79EFBC}") = "MatrixClient.Android", "MatrixClient.Android\MatrixClient.Android.csproj", "{511EF5D8-88CA-8CF4-660E-E7D78841C8E2}"
EndProject
Project("{FAE04EC0-301F-11D3-BF4B-00C04F79EFBC}") = "MatrixClient.Browser", "MatrixClient.Browser\MatrixClient.Browser.csproj", "{FAF13542-5E1E-29A5-1632-3652762A2664}"
EndProject
Project("{FAE04EC0-301F-11D3-BF4B-00C04F79EFBC}") = "MatrixClient.Desktop", "MatrixClient.Desktop\MatrixClient.Desktop.csproj", "{BE5D4179-26B1-A34D-0F77-4511776D7677}"
EndProject
Project("{FAE04EC0-301F-11D3-BF4B-00C04F79EFBC}") = "matrix-dotnet", "matrix-dotnet\matrix-dotnet.csproj", "{7151C478-A8DB-4912-A5D9-0CB204A88909}"
EndProject
Project("{FAE04EC0-301F-11D3-BF4B-00C04F79EFBC}") = "Matrix.Data", "Matrix.Data\Matrix.Data.csproj", "{E9C5C048-4C4B-4B08-B829-E675AAC0D630}"
EndProject
Project("{FAE04EC0-301F-11D3-BF4B-00C04F79EFBC}") = "Matrix.Business", "Matrix.Business\Matrix.Business.csproj", "{73B68FA6-C25A-4263-871F-30A79A27C42B}"
EndProject
Project("{2150E333-8FDC-42A3-9474-1A3956D46DE8}") = "Xmp", "Xmp", "{5281F5C7-111E-4802-BA13-18626E2A895B}"
EndProject
Project("{FAE04EC0-301F-11D3-BF4B-00C04F79EFBC}") = "Manager", "Xmp\Manager\Manager.csproj", "{DC865FD8-FCC6-7454-4BDA-01556AA99CA5}"
EndProject
Project("{FAE04EC0-301F-11D3-BF4B-00C04F79EFBC}") = "Logging", "Xmp\Logging\Logging.csproj", "{8B3EB552-6BFF-F292-F065-AA560D057CF4}"
EndProject
Project("{FAE04EC0-301F-11D3-BF4B-00C04F79EFBC}") = "XmppApi", "Xmp\XmppApi\XmppApi.csproj", "{C2082B27-6448-AF35-5EBE-B94FBF593F7D}"
EndProject
Project("{FAE04EC0-301F-11D3-BF4B-00C04F79EFBC}") = "Storage", "Xmp\Storage\Storage.csproj", "{81F6858B-95D9-4287-3AAD-99FFFC55153A}"
EndProject
Project("{FAE04EC0-301F-11D3-BF4B-00C04F79EFBC}") = "Omemo", "Xmp\Omemo\Omemo.csproj", "{6DDF2907-61FF-1A14-151D-0084CB53B334}"
EndProject
Project("{FAE04EC0-301F-11D3-BF4B-00C04F79EFBC}") = "Unicode", "Xmp\Unicode\Unicode.csproj", "{B8BDF3FE-26E5-942F-71AD-271F0772FBF3}"
EndProject
Project("{FAE04EC0-301F-11D3-BF4B-00C04F79EFBC}") = "Shared", "Xmp\Shared\Shared.csproj", "{5A1A3556-276A-5538-D374-D86BB5AFCA96}"
EndProject
Global
	GlobalSection(SolutionConfigurationPlatforms) = preSolution
		Debug|Any CPU = Debug|Any CPU
		Release|Any CPU = Release|Any CPU
	EndGlobalSection
	GlobalSection(ProjectConfigurationPlatforms) = postSolution
		{7CD9A09D-F943-A717-D8B4-1EE3617D2F41}.Debug|Any CPU.ActiveCfg = Debug|Any CPU
		{7CD9A09D-F943-A717-D8B4-1EE3617D2F41}.Debug|Any CPU.Build.0 = Debug|Any CPU
		{7CD9A09D-F943-A717-D8B4-1EE3617D2F41}.Release|Any CPU.ActiveCfg = Release|Any CPU
		{7CD9A09D-F943-A717-D8B4-1EE3617D2F41}.Release|Any CPU.Build.0 = Release|Any CPU
		{511EF5D8-88CA-8CF4-660E-E7D78841C8E2}.Debug|Any CPU.ActiveCfg = Debug|Any CPU
		{511EF5D8-88CA-8CF4-660E-E7D78841C8E2}.Debug|Any CPU.Build.0 = Debug|Any CPU
		{511EF5D8-88CA-8CF4-660E-E7D78841C8E2}.Release|Any CPU.ActiveCfg = Release|Any CPU
		{511EF5D8-88CA-8CF4-660E-E7D78841C8E2}.Release|Any CPU.Build.0 = Release|Any CPU
		{FAF13542-5E1E-29A5-1632-3652762A2664}.Debug|Any CPU.ActiveCfg = Debug|Any CPU
		{FAF13542-5E1E-29A5-1632-3652762A2664}.Debug|Any CPU.Build.0 = Debug|Any CPU
		{FAF13542-5E1E-29A5-1632-3652762A2664}.Release|Any CPU.ActiveCfg = Release|Any CPU
		{FAF13542-5E1E-29A5-1632-3652762A2664}.Release|Any CPU.Build.0 = Release|Any CPU
		{BE5D4179-26B1-A34D-0F77-4511776D7677}.Debug|Any CPU.ActiveCfg = Debug|Any CPU
		{BE5D4179-26B1-A34D-0F77-4511776D7677}.Debug|Any CPU.Build.0 = Debug|Any CPU
		{BE5D4179-26B1-A34D-0F77-4511776D7677}.Release|Any CPU.ActiveCfg = Release|Any CPU
		{BE5D4179-26B1-A34D-0F77-4511776D7677}.Release|Any CPU.Build.0 = Release|Any CPU
		{7151C478-A8DB-4912-A5D9-0CB204A88909}.Debug|Any CPU.ActiveCfg = Debug|Any CPU
		{7151C478-A8DB-4912-A5D9-0CB204A88909}.Debug|Any CPU.Build.0 = Debug|Any CPU
		{7151C478-A8DB-4912-A5D9-0CB204A88909}.Release|Any CPU.ActiveCfg = Release|Any CPU
		{7151C478-A8DB-4912-A5D9-0CB204A88909}.Release|Any CPU.Build.0 = Release|Any CPU
		{E9C5C048-4C4B-4B08-B829-E675AAC0D630}.Debug|Any CPU.ActiveCfg = Debug|Any CPU
		{E9C5C048-4C4B-4B08-B829-E675AAC0D630}.Debug|Any CPU.Build.0 = Debug|Any CPU
		{E9C5C048-4C4B-4B08-B829-E675AAC0D630}.Release|Any CPU.ActiveCfg = Release|Any CPU
		{E9C5C048-4C4B-4B08-B829-E675AAC0D630}.Release|Any CPU.Build.0 = Release|Any CPU
		{73B68FA6-C25A-4263-871F-30A79A27C42B}.Debug|Any CPU.ActiveCfg = Debug|Any CPU
		{73B68FA6-C25A-4263-871F-30A79A27C42B}.Debug|Any CPU.Build.0 = Debug|Any CPU
		{73B68FA6-C25A-4263-871F-30A79A27C42B}.Release|Any CPU.ActiveCfg = Release|Any CPU
		{73B68FA6-C25A-4263-871F-30A79A27C42B}.Release|Any CPU.Build.0 = Release|Any CPU
		{DC865FD8-FCC6-7454-4BDA-01556AA99CA5}.Debug|Any CPU.ActiveCfg = Debug|Any CPU
		{DC865FD8-FCC6-7454-4BDA-01556AA99CA5}.Debug|Any CPU.Build.0 = Debug|Any CPU
		{DC865FD8-FCC6-7454-4BDA-01556AA99CA5}.Release|Any CPU.ActiveCfg = Release|Any CPU
		{DC865FD8-FCC6-7454-4BDA-01556AA99CA5}.Release|Any CPU.Build.0 = Release|Any CPU
		{8B3EB552-6BFF-F292-F065-AA560D057CF4}.Debug|Any CPU.ActiveCfg = Debug|Any CPU
		{8B3EB552-6BFF-F292-F065-AA560D057CF4}.Debug|Any CPU.Build.0 = Debug|Any CPU
		{8B3EB552-6BFF-F292-F065-AA560D057CF4}.Release|Any CPU.ActiveCfg = Release|Any CPU
		{8B3EB552-6BFF-F292-F065-AA560D057CF4}.Release|Any CPU.Build.0 = Release|Any CPU
		{C2082B27-6448-AF35-5EBE-B94FBF593F7D}.Debug|Any CPU.ActiveCfg = Debug|Any CPU
		{C2082B27-6448-AF35-5EBE-B94FBF593F7D}.Debug|Any CPU.Build.0 = Debug|Any CPU
		{C2082B27-6448-AF35-5EBE-B94FBF593F7D}.Release|Any CPU.ActiveCfg = Release|Any CPU
		{C2082B27-6448-AF35-5EBE-B94FBF593F7D}.Release|Any CPU.Build.0 = Release|Any CPU
		{81F6858B-95D9-4287-3AAD-99FFFC55153A}.Debug|Any CPU.ActiveCfg = Debug|Any CPU
		{81F6858B-95D9-4287-3AAD-99FFFC55153A}.Debug|Any CPU.Build.0 = Debug|Any CPU
		{81F6858B-95D9-4287-3AAD-99FFFC55153A}.Release|Any CPU.ActiveCfg = Release|Any CPU
		{81F6858B-95D9-4287-3AAD-99FFFC55153A}.Release|Any CPU.Build.0 = Release|Any CPU
		{6DDF2907-61FF-1A14-151D-0084CB53B334}.Debug|Any CPU.ActiveCfg = Debug|Any CPU
		{6DDF2907-61FF-1A14-151D-0084CB53B334}.Debug|Any CPU.Build.0 = Debug|Any CPU
		{6DDF2907-61FF-1A14-151D-0084CB53B334}.Release|Any CPU.ActiveCfg = Release|Any CPU
		{6DDF2907-61FF-1A14-151D-0084CB53B334}.Release|Any CPU.Build.0 = Release|Any CPU
		{B8BDF3FE-26E5-942F-71AD-271F0772FBF3}.Debug|Any CPU.ActiveCfg = Debug|Any CPU
		{B8BDF3FE-26E5-942F-71AD-271F0772FBF3}.Debug|Any CPU.Build.0 = Debug|Any CPU
		{B8BDF3FE-26E5-942F-71AD-271F0772FBF3}.Release|Any CPU.ActiveCfg = Release|Any CPU
		{B8BDF3FE-26E5-942F-71AD-271F0772FBF3}.Release|Any CPU.Build.0 = Release|Any CPU
		{5A1A3556-276A-5538-D374-D86BB5AFCA96}.Debug|Any CPU.ActiveCfg = Debug|Any CPU
		{5A1A3556-276A-5538-D374-D86BB5AFCA96}.Debug|Any CPU.Build.0 = Debug|Any CPU
		{5A1A3556-276A-5538-D374-D86BB5AFCA96}.Release|Any CPU.ActiveCfg = Release|Any CPU
		{5A1A3556-276A-5538-D374-D86BB5AFCA96}.Release|Any CPU.Build.0 = Release|Any CPU
	EndGlobalSection
	GlobalSection(SolutionProperties) = preSolution
		HideSolutionNode = FALSE
	EndGlobalSection
	GlobalSection(NestedProjects) = preSolution
		{DC865FD8-FCC6-7454-4BDA-01556AA99CA5} = {5281F5C7-111E-4802-BA13-18626E2A895B}
		{8B3EB552-6BFF-F292-F065-AA560D057CF4} = {5281F5C7-111E-4802-BA13-18626E2A895B}
		{C2082B27-6448-AF35-5EBE-B94FBF593F7D} = {5281F5C7-111E-4802-BA13-18626E2A895B}
		{81F6858B-95D9-4287-3AAD-99FFFC55153A} = {5281F5C7-111E-4802-BA13-18626E2A895B}
		{6DDF2907-61FF-1A14-151D-0084CB53B334} = {5281F5C7-111E-4802-BA13-18626E2A895B}
		{B8BDF3FE-26E5-942F-71AD-271F0772FBF3} = {5281F5C7-111E-4802-BA13-18626E2A895B}
		{5A1A3556-276A-5538-D374-D86BB5AFCA96} = {5281F5C7-111E-4802-BA13-18626E2A895B}
	EndGlobalSection
	GlobalSection(ExtensibilityGlobals) = postSolution
		SolutionGuid = {C288D25C-BA04-4BDC-B6B0-8CC787903D01}
	EndGlobalSection
EndGlobal
